
Microsoft Visual Studio Solution File, Format Version 12.00
# Visual Studio Version 17
VisualStudioVersion = 17.5.002.0
MinimumVisualStudioVersion = 10.0.40219.1
Project("{9A19103F-16F7-4668-BE54-9A1E7A4F7556}") = "API", "API.csproj", "{A62F0A7D-764C-4BC2-B1C7-F8A29B5313C4}"
EndProject
Global
	GlobalSection(SolutionConfigurationPlatforms) = preSolution
		Debug|Any CPU = Debug|Any CPU
		Release|Any CPU = Release|Any CPU
	EndGlobalSection
	GlobalSection(ProjectConfigurationPlatforms) = postSolution
		{A62F0A7D-764C-4BC2-B1C7-F8A29B5313C4}.Debug|Any CPU.ActiveCfg = Debug|Any CPU
		{A62F0A7D-764C-4BC2-B1C7-F8A29B5313C4}.Debug|Any CPU.Build.0 = Debug|Any CPU
		{A62F0A7D-764C-4BC2-B1C7-F8A29B5313C4}.Release|Any CPU.ActiveCfg = Release|Any CPU
		{A62F0A7D-764C-4BC2-B1C7-F8A29B5313C4}.Release|Any CPU.Build.0 = Release|Any CPU
	EndGlobalSection
	GlobalSection(SolutionProperties) = preSolution
		HideSolutionNode = FALSE
	EndGlobalSection
	GlobalSection(ExtensibilityGlobals) = postSolution
		SolutionGuid = {65195660-1065-4B40-8192-E84170566B7F}
	EndGlobalSection
EndGlobal
